{
  "originHash" : "25c50d5006b406197a8db0cc333f6ba81d62d94f35467d0d9d3635033184c5eb",
  "pins" : [
    {
      "identity" : "swift-protobuf",
      "kind" : "remoteSourceControl",
      "location" : "https://github.com/apple/swift-protobuf.git",
      "state" : {
        "revision" : "e3f69fd321d0c9fcdc16fb576a0cdd956675face",
        "version" : "1.31.0"
      }
    }
  ],
  "version" : 3
}
